
Microsoft Visual Studio Solution File, Format Version 12.00
# Visual Studio 15
VisualStudioVersion = 15.0.26730.3
MinimumVisualStudioVersion = 10.0.40219.1
Project("{FAE04EC0-301F-11D3-BF4B-00C04F79EFBC}") = "DCache", "DCache\DCache.csproj", "{A36EDEF8-B435-4A34-AEE4-3E963B1DC1B5}"
EndProject
Project("{FAE04EC0-301F-11D3-BF4B-00C04F79EFBC}") = "DCache.UnitTest", "DCache.UnitTest\DCache.UnitTest.csproj", "{49F92EF0-F84C-4E1B-BF4C-02E7CD3A603D}"
EndProject
Project("{2150E333-8FDC-42A3-9474-1A3956D46DE8}") = "CacheExtension", "CacheExtension", "{B680FFF3-D2F0-4B2D-8A19-9CCAE302A372}"
EndProject
Project("{FAE04EC0-301F-11D3-BF4B-00C04F79EFBC}") = "DCache.Redis", "DCache.Redis\DCache.Redis.csproj", "{BFE7EC88-3391-4582-A3F1-E9C6F8280F56}"
EndProject
Project("{FAE04EC0-301F-11D3-BF4B-00C04F79EFBC}") = "DCache.Memcached", "DCache.Memcached\DCache.Memcached.csproj", "{43907C1E-042B-4DF9-8BD3-EC0264375E71}"
EndProject
Global
	GlobalSection(SolutionConfigurationPlatforms) = preSolution
		Debug|Any CPU = Debug|Any CPU
		Release|Any CPU = Release|Any CPU
	EndGlobalSection
	GlobalSection(ProjectConfigurationPlatforms) = postSolution
		{A36EDEF8-B435-4A34-AEE4-3E963B1DC1B5}.Debug|Any CPU.ActiveCfg = Debug|Any CPU
		{A36EDEF8-B435-4A34-AEE4-3E963B1DC1B5}.Debug|Any CPU.Build.0 = Debug|Any CPU
		{A36EDEF8-B435-4A34-AEE4-3E963B1DC1B5}.Release|Any CPU.ActiveCfg = Release|Any CPU
		{A36EDEF8-B435-4A34-AEE4-3E963B1DC1B5}.Release|Any CPU.Build.0 = Release|Any CPU
		{49F92EF0-F84C-4E1B-BF4C-02E7CD3A603D}.Debug|Any CPU.ActiveCfg = Debug|Any CPU
		{49F92EF0-F84C-4E1B-BF4C-02E7CD3A603D}.Debug|Any CPU.Build.0 = Debug|Any CPU
		{49F92EF0-F84C-4E1B-BF4C-02E7CD3A603D}.Release|Any CPU.ActiveCfg = Release|Any CPU
		{49F92EF0-F84C-4E1B-BF4C-02E7CD3A603D}.Release|Any CPU.Build.0 = Release|Any CPU
		{BFE7EC88-3391-4582-A3F1-E9C6F8280F56}.Debug|Any CPU.ActiveCfg = Debug|Any CPU
		{BFE7EC88-3391-4582-A3F1-E9C6F8280F56}.Debug|Any CPU.Build.0 = Debug|Any CPU
		{BFE7EC88-3391-4582-A3F1-E9C6F8280F56}.Release|Any CPU.ActiveCfg = Release|Any CPU
		{BFE7EC88-3391-4582-A3F1-E9C6F8280F56}.Release|Any CPU.Build.0 = Release|Any CPU
		{43907C1E-042B-4DF9-8BD3-EC0264375E71}.Debug|Any CPU.ActiveCfg = Debug|Any CPU
		{43907C1E-042B-4DF9-8BD3-EC0264375E71}.Debug|Any CPU.Build.0 = Debug|Any CPU
		{43907C1E-042B-4DF9-8BD3-EC0264375E71}.Release|Any CPU.ActiveCfg = Release|Any CPU
		{43907C1E-042B-4DF9-8BD3-EC0264375E71}.Release|Any CPU.Build.0 = Release|Any CPU
	EndGlobalSection
	GlobalSection(SolutionProperties) = preSolution
		HideSolutionNode = FALSE
	EndGlobalSection
	GlobalSection(NestedProjects) = preSolution
		{BFE7EC88-3391-4582-A3F1-E9C6F8280F56} = {B680FFF3-D2F0-4B2D-8A19-9CCAE302A372}
		{43907C1E-042B-4DF9-8BD3-EC0264375E71} = {B680FFF3-D2F0-4B2D-8A19-9CCAE302A372}
	EndGlobalSection
	GlobalSection(ExtensibilityGlobals) = postSolution
		SolutionGuid = {518B8B55-62CA-4AC9-AB67-C6D6194AD5C7}
	EndGlobalSection
EndGlobal
